// !$*UTF8*$!
{
	archiveVersion = 1;
	classes = {
	};
	objectVersion = 46;
	objects = {

/* Begin PBXBuildFile section */
		6F568735ADF01C8CAC5E783C /* libPods.a in Frameworks */ = {isa = PBXBuildFile; fileRef = 968FE4CA6FA659C64AAB09A1 /* libPods.a */; };
		EF95E1C71CAC340700B66A7D /* YKLoginVC.m in Sources */ = {isa = PBXBuildFile; fileRef = EF95E1C51CAC340700B66A7D /* YKLoginVC.m */; };
		EF95E1C81CAC340700B66A7D /* YKLoginVC.xib in Resources */ = {isa = PBXBuildFile; fileRef = EF95E1C61CAC340700B66A7D /* YKLoginVC.xib */; };
		EF95E1CC1CAC341D00B66A7D /* YKMainIndexVC.m in Sources */ = {isa = PBXBuildFile; fileRef = EF95E1CA1CAC341D00B66A7D /* YKMainIndexVC.m */; };
		EF95E1CD1CAC341D00B66A7D /* YKMainIndexVC.xib in Resources */ = {isa = PBXBuildFile; fileRef = EF95E1CB1CAC341D00B66A7D /* YKMainIndexVC.xib */; };
		EF95E1D11CAC342E00B66A7D /* YKRegisterVC.m in Sources */ = {isa = PBXBuildFile; fileRef = EF95E1CF1CAC342E00B66A7D /* YKRegisterVC.m */; };
		EF95E1D21CAC342E00B66A7D /* YKRegisterVC.xib in Resources */ = {isa = PBXBuildFile; fileRef = EF95E1D01CAC342E00B66A7D /* YKRegisterVC.xib */; };
		EF95E1DE1CAC386100B66A7D /* TCMember.m in Sources */ = {isa = PBXBuildFile; fileRef = EF95E1DD1CAC386100B66A7D /* TCMember.m */; };
		EF95E1E11CAC38C500B66A7D /* MemberInfo.m in Sources */ = {isa = PBXBuildFile; fileRef = EF95E1E01CAC38C500B66A7D /* MemberInfo.m */; };
		EF95E1E61CAC394600B66A7D /* ResponseLogin.m in Sources */ = {isa = PBXBuildFile; fileRef = EF95E1E31CAC394600B66A7D /* ResponseLogin.m */; };
		EF95E1E71CAC394600B66A7D /* ResponseQueryMemberInfo.m in Sources */ = {isa = PBXBuildFile; fileRef = EF95E1E51CAC394600B66A7D /* ResponseQueryMemberInfo.m */; };
		EFEB80B81C9DBB2900250BF3 /* main.m in Sources */ = {isa = PBXBuildFile; fileRef = EFEB80B71C9DBB2900250BF3 /* main.m */; };
		EFEB80BB1C9DBB2900250BF3 /* AppDelegate.m in Sources */ = {isa = PBXBuildFile; fileRef = EFEB80BA1C9DBB2900250BF3 /* AppDelegate.m */; };
		EFEB80BE1C9DBB2900250BF3 /* ViewController.m in Sources */ = {isa = PBXBuildFile; fileRef = EFEB80BD1C9DBB2900250BF3 /* ViewController.m */; };
		EFEB80C11C9DBB2900250BF3 /* Main.storyboard in Resources */ = {isa = PBXBuildFile; fileRef = EFEB80BF1C9DBB2900250BF3 /* Main.storyboard */; };
		EFEB80C31C9DBB2900250BF3 /* Assets.xcassets in Resources */ = {isa = PBXBuildFile; fileRef = EFEB80C21C9DBB2900250BF3 /* Assets.xcassets */; };
		EFEB80C61C9DBB2900250BF3 /* LaunchScreen.storyboard in Resources */ = {isa = PBXBuildFile; fileRef = EFEB80C41C9DBB2900250BF3 /* LaunchScreen.storyboard */; };
		EFEB80D11C9DBB2900250BF3 /* YouKengTests.m in Sources */ = {isa = PBXBuildFile; fileRef = EFEB80D01C9DBB2900250BF3 /* YouKengTests.m */; };
/* End PBXBuildFile section */

/* Begin PBXContainerItemProxy section */
		EFEB80CD1C9DBB2900250BF3 /* PBXContainerItemProxy */ = {
			isa = PBXContainerItemProxy;
			containerPortal = EFEB80AB1C9DBB2900250BF3 /* Project object */;
			proxyType = 1;
			remoteGlobalIDString = EFEB80B21C9DBB2900250BF3;
			remoteInfo = YouKeng;
		};
/* End PBXContainerItemProxy section */

/* Begin PBXFileReference section */
		3E8FE3BF4F92B1E83D4B875C /* Pods.release.xcconfig */ = {isa = PBXFileReference; includeInIndex = 1; lastKnownFileType = text.xcconfig; name = Pods.release.xcconfig; path = "Pods/Target Support Files/Pods/Pods.release.xcconfig"; sourceTree = "<group>"; };
		968FE4CA6FA659C64AAB09A1 /* libPods.a */ = {isa = PBXFileReference; explicitFileType = archive.ar; includeInIndex = 0; path = libPods.a; sourceTree = BUILT_PRODUCTS_DIR; };
		EF4B9AC52EC4892739950254 /* Pods.debug.xcconfig */ = {isa = PBXFileReference; includeInIndex = 1; lastKnownFileType = text.xcconfig; name = Pods.debug.xcconfig; path = "Pods/Target Support Files/Pods/Pods.debug.xcconfig"; sourceTree = "<group>"; };
		EF95E1A71CAC304500B66A7D /* YouKeng.pch */ = {isa = PBXFileReference; lastKnownFileType = sourcecode.c.h; path = YouKeng.pch; sourceTree = "<group>"; };
		EF95E1C41CAC340700B66A7D /* YKLoginVC.h */ = {isa = PBXFileReference; fileEncoding = 4; lastKnownFileType = sourcecode.c.h; path = YKLoginVC.h; sourceTree = "<group>"; };
		EF95E1C51CAC340700B66A7D /* YKLoginVC.m */ = {isa = PBXFileReference; fileEncoding = 4; lastKnownFileType = sourcecode.c.objc; path = YKLoginVC.m; sourceTree = "<group>"; };
		EF95E1C61CAC340700B66A7D /* YKLoginVC.xib */ = {isa = PBXFileReference; fileEncoding = 4; lastKnownFileType = file.xib; path = YKLoginVC.xib; sourceTree = "<group>"; };
		EF95E1C91CAC341D00B66A7D /* YKMainIndexVC.h */ = {isa = PBXFileReference; fileEncoding = 4; lastKnownFileType = sourcecode.c.h; path = YKMainIndexVC.h; sourceTree = "<group>"; };
		EF95E1CA1CAC341D00B66A7D /* YKMainIndexVC.m */ = {isa = PBXFileReference; fileEncoding = 4; lastKnownFileType = sourcecode.c.objc; path = YKMainIndexVC.m; sourceTree = "<group>"; };
		EF95E1CB1CAC341D00B66A7D /* YKMainIndexVC.xib */ = {isa = PBXFileReference; fileEncoding = 4; lastKnownFileType = file.xib; path = YKMainIndexVC.xib; sourceTree = "<group>"; };
		EF95E1CE1CAC342E00B66A7D /* YKRegisterVC.h */ = {isa = PBXFileReference; fileEncoding = 4; lastKnownFileType = sourcecode.c.h; path = YKRegisterVC.h; sourceTree = "<group>"; };
		EF95E1CF1CAC342E00B66A7D /* YKRegisterVC.m */ = {isa = PBXFileReference; fileEncoding = 4; lastKnownFileType = sourcecode.c.objc; path = YKRegisterVC.m; sourceTree = "<group>"; };
		EF95E1D01CAC342E00B66A7D /* YKRegisterVC.xib */ = {isa = PBXFileReference; fileEncoding = 4; lastKnownFileType = file.xib; path = YKRegisterVC.xib; sourceTree = "<group>"; };
		EF95E1DC1CAC386100B66A7D /* TCMember.h */ = {isa = PBXFileReference; fileEncoding = 4; lastKnownFileType = sourcecode.c.h; path = TCMember.h; sourceTree = "<group>"; };
		EF95E1DD1CAC386100B66A7D /* TCMember.m */ = {isa = PBXFileReference; fileEncoding = 4; lastKnownFileType = sourcecode.c.objc; path = TCMember.m; sourceTree = "<group>"; };
		EF95E1DF1CAC38C500B66A7D /* MemberInfo.h */ = {isa = PBXFileReference; fileEncoding = 4; lastKnownFileType = sourcecode.c.h; path = MemberInfo.h; sourceTree = "<group>"; };
		EF95E1E01CAC38C500B66A7D /* MemberInfo.m */ = {isa = PBXFileReference; fileEncoding = 4; lastKnownFileType = sourcecode.c.objc; path = MemberInfo.m; sourceTree = "<group>"; };
		EF95E1E21CAC394600B66A7D /* ResponseLogin.h */ = {isa = PBXFileReference; fileEncoding = 4; lastKnownFileType = sourcecode.c.h; path = ResponseLogin.h; sourceTree = "<group>"; };
		EF95E1E31CAC394600B66A7D /* ResponseLogin.m */ = {isa = PBXFileReference; fileEncoding = 4; lastKnownFileType = sourcecode.c.objc; path = ResponseLogin.m; sourceTree = "<group>"; };
		EF95E1E41CAC394600B66A7D /* ResponseQueryMemberInfo.h */ = {isa = PBXFileReference; fileEncoding = 4; lastKnownFileType = sourcecode.c.h; path = ResponseQueryMemberInfo.h; sourceTree = "<group>"; };
		EF95E1E51CAC394600B66A7D /* ResponseQueryMemberInfo.m */ = {isa = PBXFileReference; fileEncoding = 4; lastKnownFileType = sourcecode.c.objc; path = ResponseQueryMemberInfo.m; sourceTree = "<group>"; };
		EFEB80B31C9DBB2900250BF3 /* YouKeng.app */ = {isa = PBXFileReference; explicitFileType = wrapper.application; includeInIndex = 0; path = YouKeng.app; sourceTree = BUILT_PRODUCTS_DIR; };
		EFEB80B71C9DBB2900250BF3 /* main.m */ = {isa = PBXFileReference; lastKnownFileType = sourcecode.c.objc; path = main.m; sourceTree = "<group>"; };
		EFEB80B91C9DBB2900250BF3 /* AppDelegate.h */ = {isa = PBXFileReference; lastKnownFileType = sourcecode.c.h; path = AppDelegate.h; sourceTree = "<group>"; };
		EFEB80BA1C9DBB2900250BF3 /* AppDelegate.m */ = {isa = PBXFileReference; lastKnownFileType = sourcecode.c.objc; path = AppDelegate.m; sourceTree = "<group>"; };
		EFEB80BC1C9DBB2900250BF3 /* ViewController.h */ = {isa = PBXFileReference; lastKnownFileType = sourcecode.c.h; path = ViewController.h; sourceTree = "<group>"; };
		EFEB80BD1C9DBB2900250BF3 /* ViewController.m */ = {isa = PBXFileReference; lastKnownFileType = sourcecode.c.objc; path = ViewController.m; sourceTree = "<group>"; };
		EFEB80C01C9DBB2900250BF3 /* Base */ = {isa = PBXFileReference; lastKnownFileType = file.storyboard; name = Base; path = Base.lproj/Main.storyboard; sourceTree = "<group>"; };
		EFEB80C21C9DBB2900250BF3 /* Assets.xcassets */ = {isa = PBXFileReference; lastKnownFileType = folder.assetcatalog; path = Assets.xcassets; sourceTree = "<group>"; };
		EFEB80C51C9DBB2900250BF3 /* Base */ = {isa = PBXFileReference; lastKnownFileType = file.storyboard; name = Base; path = Base.lproj/LaunchScreen.storyboard; sourceTree = "<group>"; };
		EFEB80C71C9DBB2900250BF3 /* Info.plist */ = {isa = PBXFileReference; lastKnownFileType = text.plist.xml; path = Info.plist; sourceTree = "<group>"; };
		EFEB80CC1C9DBB2900250BF3 /* YouKengTests.xctest */ = {isa = PBXFileReference; explicitFileType = wrapper.cfbundle; includeInIndex = 0; path = YouKengTests.xctest; sourceTree = BUILT_PRODUCTS_DIR; };
		EFEB80D01C9DBB2900250BF3 /* YouKengTests.m */ = {isa = PBXFileReference; lastKnownFileType = sourcecode.c.objc; path = YouKengTests.m; sourceTree = "<group>"; };
		EFEB80D21C9DBB2900250BF3 /* Info.plist */ = {isa = PBXFileReference; lastKnownFileType = text.plist.xml; path = Info.plist; sourceTree = "<group>"; };
/* End PBXFileReference section */

/* Begin PBXFrameworksBuildPhase section */
		EFEB80B01C9DBB2900250BF3 /* Frameworks */ = {
			isa = PBXFrameworksBuildPhase;
			buildActionMask = 2147483647;
			files = (
				6F568735ADF01C8CAC5E783C /* libPods.a in Frameworks */,
			);
			runOnlyForDeploymentPostprocessing = 0;
		};
		EFEB80C91C9DBB2900250BF3 /* Frameworks */ = {
			isa = PBXFrameworksBuildPhase;
			buildActionMask = 2147483647;
			files = (
			);
			runOnlyForDeploymentPostprocessing = 0;
		};
/* End PBXFrameworksBuildPhase section */

/* Begin PBXGroup section */
		1BA1919706A29413D58B71D6 /* Frameworks */ = {
			isa = PBXGroup;
			children = (
				968FE4CA6FA659C64AAB09A1 /* libPods.a */,
			);
			name = Frameworks;
			sourceTree = "<group>";
		};
		8B11EBFB5F29648F084D3D0F /* Pods */ = {
			isa = PBXGroup;
			children = (
				EF4B9AC52EC4892739950254 /* Pods.debug.xcconfig */,
				3E8FE3BF4F92B1E83D4B875C /* Pods.release.xcconfig */,
			);
			name = Pods;
			sourceTree = "<group>";
		};
		EF95E1BC1CAC33E300B66A7D /* CoreData */ = {
			isa = PBXGroup;
			children = (
			);
			path = CoreData;
			sourceTree = "<group>";
		};
		EF95E1BD1CAC33E300B66A7D /* Entity */ = {
			isa = PBXGroup;
			children = (
			);
			path = Entity;
			sourceTree = "<group>";
		};
		EF95E1BE1CAC33E300B66A7D /* Module */ = {
			isa = PBXGroup;
			children = (
				EF95E1BF1CAC33E300B66A7D /* Login */,
				EF95E1C01CAC33E300B66A7D /* MainIndex */,
				EF95E1C11CAC33E300B66A7D /* MemberCenter */,
				EF95E1C21CAC33E300B66A7D /* Register */,
			);
			path = Module;
			sourceTree = "<group>";
		};
		EF95E1BF1CAC33E300B66A7D /* Login */ = {
			isa = PBXGroup;
			children = (
				EF95E1D71CAC37C500B66A7D /* View */,
				EF95E1D61CAC37BB00B66A7D /* Model */,
				EF95E1C41CAC340700B66A7D /* YKLoginVC.h */,
				EF95E1C51CAC340700B66A7D /* YKLoginVC.m */,
				EF95E1C61CAC340700B66A7D /* YKLoginVC.xib */,
			);
			path = Login;
			sourceTree = "<group>";
		};
		EF95E1C01CAC33E300B66A7D /* MainIndex */ = {
			isa = PBXGroup;
			children = (
				EF95E1D91CAC37D200B66A7D /* View */,
				EF95E1D81CAC37CC00B66A7D /* Model */,
				EF95E1C91CAC341D00B66A7D /* YKMainIndexVC.h */,
				EF95E1CA1CAC341D00B66A7D /* YKMainIndexVC.m */,
				EF95E1CB1CAC341D00B66A7D /* YKMainIndexVC.xib */,
			);
			path = MainIndex;
			sourceTree = "<group>";
		};
		EF95E1C11CAC33E300B66A7D /* MemberCenter */ = {
			isa = PBXGroup;
			children = (
				EF95E1D51CAC37AD00B66A7D /* Controller */,
				EF95E1D41CAC37A300B66A7D /* View */,
				EF95E1D31CAC379900B66A7D /* Model */,
			);
			path = MemberCenter;
			sourceTree = "<group>";
		};
		EF95E1C21CAC33E300B66A7D /* Register */ = {
			isa = PBXGroup;
			children = (
				EF95E1DB1CAC37DD00B66A7D /* View */,
				EF95E1DA1CAC37D900B66A7D /* Model */,
				EF95E1CE1CAC342E00B66A7D /* YKRegisterVC.h */,
				EF95E1CF1CAC342E00B66A7D /* YKRegisterVC.m */,
				EF95E1D01CAC342E00B66A7D /* YKRegisterVC.xib */,
			);
			path = Register;
			sourceTree = "<group>";
		};
		EF95E1C31CAC33E300B66A7D /* Tools */ = {
			isa = PBXGroup;
			children = (
			);
			path = Tools;
			sourceTree = "<group>";
		};
		EF95E1D31CAC379900B66A7D /* Model */ = {
			isa = PBXGroup;
			children = (
			);
			name = Model;
			sourceTree = "<group>";
		};
		EF95E1D41CAC37A300B66A7D /* View */ = {
			isa = PBXGroup;
			children = (
			);
			name = View;
			sourceTree = "<group>";
		};
		EF95E1D51CAC37AD00B66A7D /* Controller */ = {
			isa = PBXGroup;
			children = (
			);
			name = Controller;
			sourceTree = "<group>";
		};
		EF95E1D61CAC37BB00B66A7D /* Model */ = {
			isa = PBXGroup;
			children = (
				EF95E1E21CAC394600B66A7D /* ResponseLogin.h */,
				EF95E1E31CAC394600B66A7D /* ResponseLogin.m */,
				EF95E1E41CAC394600B66A7D /* ResponseQueryMemberInfo.h */,
				EF95E1E51CAC394600B66A7D /* ResponseQueryMemberInfo.m */,
				EF95E1DF1CAC38C500B66A7D /* MemberInfo.h */,
				EF95E1E01CAC38C500B66A7D /* MemberInfo.m */,
				EF95E1DC1CAC386100B66A7D /* TCMember.h */,
				EF95E1DD1CAC386100B66A7D /* TCMember.m */,
			);
			name = Model;
			sourceTree = "<group>";
		};
		EF95E1D71CAC37C500B66A7D /* View */ = {
			isa = PBXGroup;
			children = (
			);
			name = View;
			sourceTree = "<group>";
		};
		EF95E1D81CAC37CC00B66A7D /* Model */ = {
			isa = PBXGroup;
			children = (
			);
			name = Model;
			sourceTree = "<group>";
		};
		EF95E1D91CAC37D200B66A7D /* View */ = {
			isa = PBXGroup;
			children = (
			);
			name = View;
			sourceTree = "<group>";
		};
		EF95E1DA1CAC37D900B66A7D /* Model */ = {
			isa = PBXGroup;
			children = (
			);
			name = Model;
			sourceTree = "<group>";
		};
		EF95E1DB1CAC37DD00B66A7D /* View */ = {
			isa = PBXGroup;
			children = (
			);
			name = View;
			sourceTree = "<group>";
		};
		EFEB80AA1C9DBB2900250BF3 = {
			isa = PBXGroup;
			children = (
				EFEB80B51C9DBB2900250BF3 /* YouKeng */,
				EFEB80CF1C9DBB2900250BF3 /* YouKengTests */,
				EFEB80B41C9DBB2900250BF3 /* Products */,
				8B11EBFB5F29648F084D3D0F /* Pods */,
				1BA1919706A29413D58B71D6 /* Frameworks */,
			);
			sourceTree = "<group>";
		};
		EFEB80B41C9DBB2900250BF3 /* Products */ = {
			isa = PBXGroup;
			children = (
				EFEB80B31C9DBB2900250BF3 /* YouKeng.app */,
				EFEB80CC1C9DBB2900250BF3 /* YouKengTests.xctest */,
			);
			name = Products;
			sourceTree = "<group>";
		};
		EFEB80B51C9DBB2900250BF3 /* YouKeng */ = {
			isa = PBXGroup;
			children = (
				EF95E1BE1CAC33E300B66A7D /* Module */,
				EF95E1BC1CAC33E300B66A7D /* CoreData */,
				EF95E1BD1CAC33E300B66A7D /* Entity */,
				EF95E1C31CAC33E300B66A7D /* Tools */,
				EFEB80C21C9DBB2900250BF3 /* Assets.xcassets */,
				EFEB80B61C9DBB2900250BF3 /* Supporting Files */,
			);
			path = YouKeng;
			sourceTree = "<group>";
		};
		EFEB80B61C9DBB2900250BF3 /* Supporting Files */ = {
			isa = PBXGroup;
			children = (
				EFEB80B91C9DBB2900250BF3 /* AppDelegate.h */,
				EFEB80BA1C9DBB2900250BF3 /* AppDelegate.m */,
				EFEB80BC1C9DBB2900250BF3 /* ViewController.h */,
				EFEB80BD1C9DBB2900250BF3 /* ViewController.m */,
				EFEB80BF1C9DBB2900250BF3 /* Main.storyboard */,
				EFEB80C41C9DBB2900250BF3 /* LaunchScreen.storyboard */,
				EFEB80C71C9DBB2900250BF3 /* Info.plist */,
				EFEB80B71C9DBB2900250BF3 /* main.m */,
				EF95E1A71CAC304500B66A7D /* YouKeng.pch */,
			);
			name = "Supporting Files";
			sourceTree = "<group>";
		};
		EFEB80CF1C9DBB2900250BF3 /* YouKengTests */ = {
			isa = PBXGroup;
			children = (
				EFEB80D01C9DBB2900250BF3 /* YouKengTests.m */,
				EFEB80D21C9DBB2900250BF3 /* Info.plist */,
			);
			path = YouKengTests;
			sourceTree = "<group>";
		};
/* End PBXGroup section */

/* Begin PBXNativeTarget section */
		EFEB80B21C9DBB2900250BF3 /* YouKeng */ = {
			isa = PBXNativeTarget;
			buildConfigurationList = EFEB80D51C9DBB2900250BF3 /* Build configuration list for PBXNativeTarget "YouKeng" */;
			buildPhases = (
				5774812DBC942DEE622616AE /* Check Pods Manifest.lock */,
				EFEB80AF1C9DBB2900250BF3 /* Sources */,
				EFEB80B01C9DBB2900250BF3 /* Frameworks */,
				EFEB80B11C9DBB2900250BF3 /* Resources */,
				E9357D44A935505BE8B24DBB /* Embed Pods Frameworks */,
				970DBD096AB80451666BA861 /* Copy Pods Resources */,
			);
			buildRules = (
			);
			dependencies = (
			);
			name = YouKeng;
			productName = YouKeng;
			productReference = EFEB80B31C9DBB2900250BF3 /* YouKeng.app */;
			productType = "com.apple.product-type.application";
		};
		EFEB80CB1C9DBB2900250BF3 /* YouKengTests */ = {
			isa = PBXNativeTarget;
			buildConfigurationList = EFEB80D81C9DBB2900250BF3 /* Build configuration list for PBXNativeTarget "YouKengTests" */;
			buildPhases = (
				EFEB80C81C9DBB2900250BF3 /* Sources */,
				EFEB80C91C9DBB2900250BF3 /* Frameworks */,
				EFEB80CA1C9DBB2900250BF3 /* Resources */,
			);
			buildRules = (
			);
			dependencies = (
				EFEB80CE1C9DBB2900250BF3 /* PBXTargetDependency */,
			);
			name = YouKengTests;
			productName = YouKengTests;
			productReference = EFEB80CC1C9DBB2900250BF3 /* YouKengTests.xctest */;
			productType = "com.apple.product-type.bundle.unit-test";
		};
/* End PBXNativeTarget section */

/* Begin PBXProject section */
		EFEB80AB1C9DBB2900250BF3 /* Project object */ = {
			isa = PBXProject;
			attributes = {
				LastUpgradeCheck = 0720;
				ORGANIZATIONNAME = SuZhouYouKeng;
				TargetAttributes = {
					EFEB80B21C9DBB2900250BF3 = {
						CreatedOnToolsVersion = 7.2.1;
					};
					EFEB80CB1C9DBB2900250BF3 = {
						CreatedOnToolsVersion = 7.2.1;
						TestTargetID = EFEB80B21C9DBB2900250BF3;
					};
				};
			};
			buildConfigurationList = EFEB80AE1C9DBB2900250BF3 /* Build configuration list for PBXProject "YouKeng" */;
			compatibilityVersion = "Xcode 3.2";
			developmentRegion = English;
			hasScannedForEncodings = 0;
			knownRegions = (
				en,
				Base,
			);
			mainGroup = EFEB80AA1C9DBB2900250BF3;
			productRefGroup = EFEB80B41C9DBB2900250BF3 /* Products */;
			projectDirPath = "";
			projectRoot = "";
			targets = (
				EFEB80B21C9DBB2900250BF3 /* YouKeng */,
				EFEB80CB1C9DBB2900250BF3 /* YouKengTests */,
			);
		};
/* End PBXProject section */

/* Begin PBXResourcesBuildPhase section */
		EFEB80B11C9DBB2900250BF3 /* Resources */ = {
			isa = PBXResourcesBuildPhase;
			buildActionMask = 2147483647;
			files = (
				EF95E1C81CAC340700B66A7D /* YKLoginVC.xib in Resources */,
				EF95E1CD1CAC341D00B66A7D /* YKMainIndexVC.xib in Resources */,
				EFEB80C61C9DBB2900250BF3 /* LaunchScreen.storyboard in Resources */,
				EF95E1D21CAC342E00B66A7D /* YKRegisterVC.xib in Resources */,
				EFEB80C31C9DBB2900250BF3 /* Assets.xcassets in Resources */,
				EFEB80C11C9DBB2900250BF3 /* Main.storyboard in Resources */,
			);
			runOnlyForDeploymentPostprocessing = 0;
		};
		EFEB80CA1C9DBB2900250BF3 /* Resources */ = {
			isa = PBXResourcesBuildPhase;
			buildActionMask = 2147483647;
			files = (
			);
			runOnlyForDeploymentPostprocessing = 0;
		};
/* End PBXResourcesBuildPhase section */

/* Begin PBXShellScriptBuildPhase section */
		5774812DBC942DEE622616AE /* Check Pods Manifest.lock */ = {
			isa = PBXShellScriptBuildPhase;
			buildActionMask = 2147483647;
			files = (
			);
			inputPaths = (
			);
			name = "Check Pods Manifest.lock";
			outputPaths = (
			);
			runOnlyForDeploymentPostprocessing = 0;
			shellPath = /bin/sh;
			shellScript = "diff \"${PODS_ROOT}/../Podfile.lock\" \"${PODS_ROOT}/Manifest.lock\" > /dev/null\nif [[ $? != 0 ]] ; then\n    cat << EOM\nerror: The sandbox is not in sync with the Podfile.lock. Run 'pod install' or update your CocoaPods installation.\nEOM\n    exit 1\nfi\n";
			showEnvVarsInLog = 0;
		};
		970DBD096AB80451666BA861 /* Copy Pods Resources */ = {
			isa = PBXShellScriptBuildPhase;
			buildActionMask = 2147483647;
			files = (
			);
			inputPaths = (
			);
			name = "Copy Pods Resources";
			outputPaths = (
			);
			runOnlyForDeploymentPostprocessing = 0;
			shellPath = /bin/sh;
			shellScript = "\"${SRCROOT}/Pods/Target Support Files/Pods/Pods-resources.sh\"\n";
			showEnvVarsInLog = 0;
		};
		E9357D44A935505BE8B24DBB /* Embed Pods Frameworks */ = {
			isa = PBXShellScriptBuildPhase;
			buildActionMask = 2147483647;
			files = (
			);
			inputPaths = (
			);
			name = "Embed Pods Frameworks";
			outputPaths = (
			);
			runOnlyForDeploymentPostprocessing = 0;
			shellPath = /bin/sh;
			shellScript = "\"${SRCROOT}/Pods/Target Support Files/Pods/Pods-frameworks.sh\"\n";
			showEnvVarsInLog = 0;
		};
/* End PBXShellScriptBuildPhase section */

/* Begin PBXSourcesBuildPhase section */
		EFEB80AF1C9DBB2900250BF3 /* Sources */ = {
			isa = PBXSourcesBuildPhase;
			buildActionMask = 2147483647;
			files = (
				EF95E1C71CAC340700B66A7D /* YKLoginVC.m in Sources */,
				EF95E1CC1CAC341D00B66A7D /* YKMainIndexVC.m in Sources */,
				EFEB80BE1C9DBB2900250BF3 /* ViewController.m in Sources */,
				EF95E1E11CAC38C500B66A7D /* MemberInfo.m in Sources */,
				EF95E1D11CAC342E00B66A7D /* YKRegisterVC.m in Sources */,
				EF95E1E71CAC394600B66A7D /* ResponseQueryMemberInfo.m in Sources */,
				EF95E1E61CAC394600B66A7D /* ResponseLogin.m in Sources */,
				EF95E1DE1CAC386100B66A7D /* TCMember.m in Sources */,
				EFEB80BB1C9DBB2900250BF3 /* AppDelegate.m in Sources */,
				EFEB80B81C9DBB2900250BF3 /* main.m in Sources */,
			);
			runOnlyForDeploymentPostprocessing = 0;
		};
		EFEB80C81C9DBB2900250BF3 /* Sources */ = {
			isa = PBXSourcesBuildPhase;
			buildActionMask = 2147483647;
			files = (
				EFEB80D11C9DBB2900250BF3 /* YouKengTests.m in Sources */,
			);
			runOnlyForDeploymentPostprocessing = 0;
		};
/* End PBXSourcesBuildPhase section */

/* Begin PBXTargetDependency section */
		EFEB80CE1C9DBB2900250BF3 /* PBXTargetDependency */ = {
			isa = PBXTargetDependency;
			target = EFEB80B21C9DBB2900250BF3 /* YouKeng */;
			targetProxy = EFEB80CD1C9DBB2900250BF3 /* PBXContainerItemProxy */;
		};
/* End PBXTargetDependency section */

/* Begin PBXVariantGroup section */
		EFEB80BF1C9DBB2900250BF3 /* Main.storyboard */ = {
			isa = PBXVariantGroup;
			children = (
				EFEB80C01C9DBB2900250BF3 /* Base */,
			);
			name = Main.storyboard;
			sourceTree = "<group>";
		};
		EFEB80C41C9DBB2900250BF3 /* LaunchScreen.storyboard */ = {
			isa = PBXVariantGroup;
			children = (
				EFEB80C51C9DBB2900250BF3 /* Base */,
			);
			name = LaunchScreen.storyboard;
			sourceTree = "<group>";
		};
/* End PBXVariantGroup section */

/* Begin XCBuildConfiguration section */
		EFEB80D31C9DBB2900250BF3 /* Debug */ = {
			isa = XCBuildConfiguration;
			buildSettings = {
				ALWAYS_SEARCH_USER_PATHS = NO;
				CLANG_CXX_LANGUAGE_STANDARD = "gnu++0x";
				CLANG_CXX_LIBRARY = "libc++";
				CLANG_ENABLE_MODULES = YES;
				CLANG_ENABLE_OBJC_ARC = YES;
				CLANG_WARN_BOOL_CONVERSION = YES;
				CLANG_WARN_CONSTANT_CONVERSION = YES;
				CLANG_WARN_DIRECT_OBJC_ISA_USAGE = YES_ERROR;
				CLANG_WARN_EMPTY_BODY = YES;
				CLANG_WARN_ENUM_CONVERSION = YES;
				CLANG_WARN_INT_CONVERSION = YES;
				CLANG_WARN_OBJC_ROOT_CLASS = YES_ERROR;
				CLANG_WARN_UNREACHABLE_CODE = YES;
				CLANG_WARN__DUPLICATE_METHOD_MATCH = YES;
				"CODE_SIGN_IDENTITY[sdk=iphoneos*]" = "iPhone Developer";
				COPY_PHASE_STRIP = NO;
				DEBUG_INFORMATION_FORMAT = dwarf;
				ENABLE_STRICT_OBJC_MSGSEND = YES;
				ENABLE_TESTABILITY = YES;
				GCC_C_LANGUAGE_STANDARD = gnu99;
				GCC_DYNAMIC_NO_PIC = NO;
				GCC_NO_COMMON_BLOCKS = YES;
				GCC_OPTIMIZATION_LEVEL = 0;
				GCC_PREPROCESSOR_DEFINITIONS = (
					"DEBUG=1",
					"$(inherited)",
				);
				GCC_WARN_64_TO_32_BIT_CONVERSION = YES;
				GCC_WARN_ABOUT_RETURN_TYPE = YES_ERROR;
				GCC_WARN_UNDECLARED_SELECTOR = YES;
				GCC_WARN_UNINITIALIZED_AUTOS = YES_AGGRESSIVE;
				GCC_WARN_UNUSED_FUNCTION = YES;
				GCC_WARN_UNUSED_VARIABLE = YES;
				IPHONEOS_DEPLOYMENT_TARGET = 9.2;
				MTL_ENABLE_DEBUG_INFO = YES;
				ONLY_ACTIVE_ARCH = YES;
				SDKROOT = iphoneos;
			};
			name = Debug;
		};
		EFEB80D41C9DBB2900250BF3 /* Release */ = {
			isa = XCBuildConfiguration;
			buildSettings = {
				ALWAYS_SEARCH_USER_PATHS = NO;
				CLANG_CXX_LANGUAGE_STANDARD = "gnu++0x";
				CLANG_CXX_LIBRARY = "libc++";
				CLANG_ENABLE_MODULES = YES;
				CLANG_ENABLE_OBJC_ARC = YES;
				CLANG_WARN_BOOL_CONVERSION = YES;
				CLANG_WARN_CONSTANT_CONVERSION = YES;
				CLANG_WARN_DIRECT_OBJC_ISA_USAGE = YES_ERROR;
				CLANG_WARN_EMPTY_BODY = YES;
				CLANG_WARN_ENUM_CONVERSION = YES;
				CLANG_WARN_INT_CONVERSION = YES;
				CLANG_WARN_OBJC_ROOT_CLASS = YES_ERROR;
				CLANG_WARN_UNREACHABLE_CODE = YES;
				CLANG_WARN__DUPLICATE_METHOD_MATCH = YES;
				"CODE_SIGN_IDENTITY[sdk=iphoneos*]" = "iPhone Developer";
				COPY_PHASE_STRIP = NO;
				DEBUG_INFORMATION_FORMAT = "dwarf-with-dsym";
				ENABLE_NS_ASSERTIONS = NO;
				ENABLE_STRICT_OBJC_MSGSEND = YES;
				GCC_C_LANGUAGE_STANDARD = gnu99;
				GCC_NO_COMMON_BLOCKS = YES;
				GCC_WARN_64_TO_32_BIT_CONVERSION = YES;
				GCC_WARN_ABOUT_RETURN_TYPE = YES_ERROR;
				GCC_WARN_UNDECLARED_SELECTOR = YES;
				GCC_WARN_UNINITIALIZED_AUTOS = YES_AGGRESSIVE;
				GCC_WARN_UNUSED_FUNCTION = YES;
				GCC_WARN_UNUSED_VARIABLE = YES;
				IPHONEOS_DEPLOYMENT_TARGET = 9.2;
				MTL_ENABLE_DEBUG_INFO = NO;
				SDKROOT = iphoneos;
				VALIDATE_PRODUCT = YES;
			};
			name = Release;
		};
		EFEB80D61C9DBB2900250BF3 /* Debug */ = {
			isa = XCBuildConfiguration;
			baseConfigurationReference = EF4B9AC52EC4892739950254 /* Pods.debug.xcconfig */;
			buildSettings = {
				ASSETCATALOG_COMPILER_APPICON_NAME = AppIcon;
				GCC_PREFIX_HEADER = "$(SRCROOT)/YouKeng/YouKeng.pch";
				INFOPLIST_FILE = YouKeng/Info.plist;
				LD_RUNPATH_SEARCH_PATHS = "$(inherited) @executable_path/Frameworks";
				PRODUCT_BUNDLE_IDENTIFIER = com.ios.tengdabang.YouKeng;
				PRODUCT_NAME = "$(TARGET_NAME)";
			};
			name = Debug;
		};
		EFEB80D71C9DBB2900250BF3 /* Release */ = {
			isa = XCBuildConfiguration;
			baseConfigurationReference = 3E8FE3BF4F92B1E83D4B875C /* Pods.release.xcconfig */;
			buildSettings = {
				ASSETCATALOG_COMPILER_APPICON_NAME = AppIcon;
				GCC_PREFIX_HEADER = "$(SRCROOT)/YouKeng/YouKeng.pch";
				INFOPLIST_FILE = YouKeng/Info.plist;
				LD_RUNPATH_SEARCH_PATHS = "$(inherited) @executable_path/Frameworks";
				PRODUCT_BUNDLE_IDENTIFIER = com.ios.tengdabang.YouKeng;
				PRODUCT_NAME = "$(TARGET_NAME)";
			};
			name = Release;
		};
		EFEB80D91C9DBB2900250BF3 /* Debug */ = {
			isa = XCBuildConfiguration;
			buildSettings = {
				BUNDLE_LOADER = "$(TEST_HOST)";
				INFOPLIST_FILE = YouKengTests/Info.plist;
				LD_RUNPATH_SEARCH_PATHS = "$(inherited) @executable_path/Frameworks @loader_path/Frameworks";
				PRODUCT_BUNDLE_IDENTIFIER = com.ios.tengdabang.YouKengTests;
				PRODUCT_NAME = "$(TARGET_NAME)";
				TEST_HOST = "$(BUILT_PRODUCTS_DIR)/YouKeng.app/YouKeng";
			};
			name = Debug;
		};
		EFEB80DA1C9DBB2900250BF3 /* Release */ = {
			isa = XCBuildConfiguration;
			buildSettings = {
				BUNDLE_LOADER = "$(TEST_HOST)";
				INFOPLIST_FILE = YouKengTests/Info.plist;
				LD_RUNPATH_SEARCH_PATHS = "$(inherited) @executable_path/Frameworks @loader_path/Frameworks";
				PRODUCT_BUNDLE_IDENTIFIER = com.ios.tengdabang.YouKengTests;
				PRODUCT_NAME = "$(TARGET_NAME)";
				TEST_HOST = "$(BUILT_PRODUCTS_DIR)/YouKeng.app/YouKeng";
			};
			name = Release;
		};
/* End XCBuildConfiguration section */

/* Begin XCConfigurationList section */
		EFEB80AE1C9DBB2900250BF3 /* Build configuration list for PBXProject "YouKeng" */ = {
			isa = XCConfigurationList;
			buildConfigurations = (
				EFEB80D31C9DBB2900250BF3 /* Debug */,
				EFEB80D41C9DBB2900250BF3 /* Release */,
			);
			defaultConfigurationIsVisible = 0;
			defaultConfigurationName = Release;
		};
		EFEB80D51C9DBB2900250BF3 /* Build configuration list for PBXNativeTarget "YouKeng" */ = {
			isa = XCConfigurationList;
			buildConfigurations = (
				EFEB80D61C9DBB2900250BF3 /* Debug */,
				EFEB80D71C9DBB2900250BF3 /* Release */,
			);
			defaultConfigurationIsVisible = 0;
			defaultConfigurationName = Release;
		};
		EFEB80D81C9DBB2900250BF3 /* Build configuration list for PBXNativeTarget "YouKengTests" */ = {
			isa = XCConfigurationList;
			buildConfigurations = (
				EFEB80D91C9DBB2900250BF3 /* Debug */,
				EFEB80DA1C9DBB2900250BF3 /* Release */,
			);
			defaultConfigurationIsVisible = 0;
			defaultConfigurationName = Release;
		};
/* End XCConfigurationList section */
	};
	rootObject = EFEB80AB1C9DBB2900250BF3 /* Project object */;
}
